# THIS IS AN AUTOGENERATED FILE. DO NOT EDIT THIS FILE DIRECTLY.
# yarn lockfile v1


"@babel/parser@^7.17.3":
  version "7.17.3"
  resolved "https://registry.npmmirror.com/@babel/parser/-/parser-7.17.3.tgz#b07702b982990bf6fdc1da5049a23fece4c5c3d0"
  integrity sha512-7yJPvPV+ESz2IUTPbOL+YkIGyCqOyNIzdguKQuJGnH7bg1WTIifuM21YqokFt/THWh1AkCRn9IgoykTRCBVpzA==
