# THIS IS AN AUTOGENERATED FILE. DO NOT EDIT THIS FILE DIRECTLY.
# yarn lockfile v1


vant-weapp@^0.5.11:
  version "0.5.11"
  resolved "https://registry.yarnpkg.com/vant-weapp/-/vant-weapp-0.5.11.tgz#ed0c61f93766b12ce7db6cd7d8a2381cbcb06781"
  integrity sha512-uSYvDI3OYMQ9xBBrOPgN2irQYj4xTwx7POFTnaXQAKWwMuje6iXg0i0u8zMLYvM93SUv4MVdFVDkqnLYVHFU4g==
