# THIS IS AN AUTOGENERATED FILE. DO NOT EDIT THIS FILE DIRECTLY.
# yarn lockfile v1


jdf-png-native@^1.1.0:
  version "1.1.0"
  resolved "https://registry.npm.taobao.org/jdf-png-native/download/jdf-png-native-1.1.0.tgz#6c8cdfd17873bc7039777f0116af52ae9c5f2a3c"
  integrity sha1-bIzf0XhzvHA5d38BFq9SrpxfKjw=
