# THIS IS AN AUTOGENERATED FILE. DO NOT EDIT THIS FILE DIRECTLY.
# yarn lockfile v1


accept@2.x.x:
  version "2.1.4"
  resolved "https://registry.npm.taobao.org/accept/download/accept-2.1.4.tgz#887af54ceee5c7f4430461971ec400c61d09acbb"
  integrity sha1-iHr1TO7lx/RDBGGXHsQAxh0JrLs=
  dependencies:
    boom "5.x.x"
    hoek "4.x.x"

ammo@2.x.x:
  version "2.0.4"
  resolved "https://registry.npm.taobao.org/ammo/download/ammo-2.0.4.tgz#bf80aab211698ea78f63ef5e7f113dd5d9e8917f"
  integrity sha1-v4CqshFpjqePY+9efxE91dnokX8=
  dependencies:
    boom "5.x.x"
    hoek "4.x.x"

argparse@^1.0.7:
  version "1.0.10"
  resolved "https://registry.npm.taobao.org/argparse/download/argparse-1.0.10.tgz#bcd6791ea5ae09725e17e5ad988134cd40b3d911"
  integrity sha1-vNZ5HqWuCXJeF+WtmIE0zUCz2RE=
  dependencies:
    sprintf-js "~1.0.2"

b64@3.x.x:
  version "3.0.3"
  resolved "https://registry.npm.taobao.org/b64/download/b64-3.0.3.tgz#36afeee0d9345f046387ce6de8a6702afe5bb56e"
  integrity sha1-Nq/u4Nk0XwRjh85t6KZwKv5btW4=

boom@4.x.x:
  version "4.3.1"
  resolved "https://registry.npm.taobao.org/boom/download/boom-4.3.1.tgz?cache=0&other_urls=https%3A%2F%2Fregistry.npm.taobao.org%2Fboom%2Fdownload%2Fboom-4.3.1.tgz#4f8a3005cb4a7e3889f749030fd25b96e01d2e31"
  integrity sha1-T4owBctKfjiJ90kDD9JbluAdLjE=
  dependencies:
    hoek "4.x.x"

boom@5.x.x, boom@^5.2.0:
  version "5.2.0"
  resolved "https://registry.npm.taobao.org/boom/download/boom-5.2.0.tgz?cache=0&other_urls=https%3A%2F%2Fregistry.npm.taobao.org%2Fboom%2Fdownload%2Fboom-5.2.0.tgz#5dd9da6ee3a5f302077436290cb717d3f4a54e02"
  integrity sha1-XdnabuOl8wIHdDYpDLcX0/SlTgI=
  dependencies:
    hoek "4.x.x"

bourne@1.x.x:
  version "1.1.2"
  resolved "https://registry.npm.taobao.org/bourne/download/bourne-1.1.2.tgz#e290b5bd7166635632eaf8ef12b006b2d4a75b83"
  integrity sha1-4pC1vXFmY1Yy6vjvErAGstSnW4M=

call-me-maybe@^1.0.1:
  version "1.0.1"
  resolved "https://registry.npm.taobao.org/call-me-maybe/download/call-me-maybe-1.0.1.tgz#26d208ea89e37b5cbde60250a15f031c16a4d66b"
  integrity sha1-JtII6onje1y95gJQoV8DHBak1ms=

call@4.x.x:
  version "4.0.2"
  resolved "https://registry.npm.taobao.org/call/download/call-4.0.2.tgz#df76f5f51ee8dd48b856ac8400f7e69e6d7399c4"
  integrity sha1-33b19R7o3Ui4VqyEAPfmnm1zmcQ=
  dependencies:
    boom "5.x.x"
    hoek "4.x.x"

catbox-memory@2.x.x:
  version "2.0.4"
  resolved "https://registry.npm.taobao.org/catbox-memory/download/catbox-memory-2.0.4.tgz#433e255902caf54233d1286429c8f4df14e822d5"
  integrity sha1-Qz4lWQLK9UIz0ShkKcj03xToItU=
  dependencies:
    hoek "4.x.x"

catbox@7.x.x:
  version "7.1.5"
  resolved "https://registry.npm.taobao.org/catbox/download/catbox-7.1.5.tgz#c56f7e8e9555d27c0dc038a96ef73e57d186bb1f"
  integrity sha1-xW9+jpVV0nwNwDipbvc+V9GGux8=
  dependencies:
    boom "5.x.x"
    hoek "4.x.x"
    joi "10.x.x"

commander@^2.7.1:
  version "2.20.0"
  resolved "https://registry.npm.taobao.org/commander/download/commander-2.20.0.tgz#d58bb2b5c1ee8f87b0d340027e9e94e222c5a422"
  integrity sha1-1YuytcHuj4ew00ACfp6U4iLFpCI=

commander@~2.20.3:
  version "2.20.3"
  resolved "https://registry.yarnpkg.com/commander/-/commander-2.20.3.tgz#fd485e84c03eb4881c20722ba48035e8531aeb33"
  integrity sha512-GpVkmM8vF2vQUkj2LvZmD35JxeJOLCwJ9cUkugyk2nuhbv3+mJvpLYYt+0+USMxE+oj+ey/lJEnhZw75x/OMcQ==

content@3.x.x:
  version "3.0.7"
  resolved "https://registry.npm.taobao.org/content/download/content-3.0.7.tgz#0cbb88e82702d35ccf59800b8add609bb5c1dfc2"
  integrity sha1-DLuI6CcC01zPWYALit1gm7XB38I=
  dependencies:
    boom "5.x.x"

core-js@^2.5.7:
  version "2.6.9"
  resolved "https://registry.npm.taobao.org/core-js/download/core-js-2.6.9.tgz?cache=0&sync_timestamp=1560599811627&other_urls=https%3A%2F%2Fregistry.npm.taobao.org%2Fcore-js%2Fdownload%2Fcore-js-2.6.9.tgz#6b4b214620c834152e179323727fc19741b084f2"
  integrity sha1-a0shRiDINBUuF5Mjcn/Bl0GwhPI=

cryptiles@3.x.x:
  version "3.1.4"
  resolved "https://registry.npm.taobao.org/cryptiles/download/cryptiles-3.1.4.tgz#769a68c95612b56faadfcebf57ac86479cbe8322"
  integrity sha1-dppoyVYStW+q386/V6yGR5y+gyI=
  dependencies:
    boom "5.x.x"

debug@^2.2.0:
  version "2.6.9"
  resolved "https://registry.npm.taobao.org/debug/download/debug-2.6.9.tgz?cache=0&other_urls=https%3A%2F%2Fregistry.npm.taobao.org%2Fdebug%2Fdownload%2Fdebug-2.6.9.tgz#5d128515df134ff327e90a4c93f4e077a536341f"
  integrity sha1-XRKFFd8TT/Mn6QpMk/Tgd6U2NB8=
  dependencies:
    ms "2.0.0"

debug@^3.0.0, debug@^3.1.0:
  version "3.2.6"
  resolved "https://registry.npm.taobao.org/debug/download/debug-3.2.6.tgz?cache=0&other_urls=https%3A%2F%2Fregistry.npm.taobao.org%2Fdebug%2Fdownload%2Fdebug-3.2.6.tgz#e83d17de16d8a7efb7717edbe5fb10135eee629b"
  integrity sha1-6D0X3hbYp++3cX7b5fsQE17uYps=
  dependencies:
    ms "^2.1.1"

env2@^2.2.2:
  version "2.2.2"
  resolved "https://registry.npm.taobao.org/env2/download/env2-2.2.2.tgz#1022b7cc69fadfcaba806745f0c3e4d85f3e9305"
  integrity sha1-ECK3zGn638q6gGdF8MPk2F8+kwU=

es6-promise@^3.0.2:
  version "3.3.1"
  resolved "https://registry.npm.taobao.org/es6-promise/download/es6-promise-3.3.1.tgz?cache=0&other_urls=https%3A%2F%2Fregistry.npm.taobao.org%2Fes6-promise%2Fdownload%2Fes6-promise-3.3.1.tgz#a08cdde84ccdbf34d027a1451bc91d4bcd28a613"
  integrity sha1-oIzd6EzNvzTQJ6FFG8kdS80ophM=

es6-promise@^4.1.1:
  version "4.2.8"
  resolved "https://registry.npm.taobao.org/es6-promise/download/es6-promise-4.2.8.tgz?cache=0&other_urls=https%3A%2F%2Fregistry.npm.taobao.org%2Fes6-promise%2Fdownload%2Fes6-promise-4.2.8.tgz#4eb21594c972bc40553d276e510539143db53e0a"
  integrity sha1-TrIVlMlyvEBVPSduUQU5FD21Pgo=

esprima@^4.0.0:
  version "4.0.1"
  resolved "https://registry.npm.taobao.org/esprima/download/esprima-4.0.1.tgz?cache=0&other_urls=https%3A%2F%2Fregistry.npm.taobao.org%2Fesprima%2Fdownload%2Fesprima-4.0.1.tgz#13b04cdb3e6c5d19df91ab6987a8695619b0aa71"
  integrity sha1-E7BM2z5sXRnfkatph6hpVhmwqnE=

fast-safe-stringify@^1.2.0:
  version "1.2.3"
  resolved "https://registry.npm.taobao.org/fast-safe-stringify/download/fast-safe-stringify-1.2.3.tgz#9fe22c37fb2f7f86f06b8f004377dbf8f1ee7bc1"
  integrity sha1-n+IsN/svf4bwa48AQ3fb+PHue8E=

format-util@^1.0.3:
  version "1.0.3"
  resolved "https://registry.npm.taobao.org/format-util/download/format-util-1.0.3.tgz#032dca4a116262a12c43f4c3ec8566416c5b2d95"
  integrity sha1-Ay3KShFiYqEsQ/TD7IVmQWxbLZU=

handlebars@^4.0.11:
  version "4.6.0"
  resolved "https://registry.yarnpkg.com/handlebars/-/handlebars-4.6.0.tgz#33af6c3eda930d7a924f5d8f1c6d8edc3180512e"
  integrity sha512-i1ZUP7Qp2JdkMaFon2a+b0m5geE8Z4ZTLaGkgrObkEd+OkUKyRbRWw4KxuFCoHfdETSY1yf9/574eVoNSiK7pw==
  dependencies:
    neo-async "^2.6.0"
    optimist "^0.6.1"
    source-map "^0.6.1"
  optionalDependencies:
    uglify-js "^3.1.4"

hapi-swagger@7:
  version "7.10.0"
  resolved "https://registry.npm.taobao.org/hapi-swagger/download/hapi-swagger-7.10.0.tgz#acdc53d4064f7acee39a9c8c8105c5a6cc4f953f"
  integrity sha1-rNxT1AZPes7jmpyMgQXFpsxPlT8=
  dependencies:
    boom "^5.2.0"
    fast-safe-stringify "^1.2.0"
    handlebars "^4.0.11"
    hoek "^4.2.0"
    http-status "^1.0.1"
    joi "^11.0.2"
    json-schema-ref-parser "^4.0.0"
    swagger-parser "^3.4.2"

hapi@16:
  version "16.7.0"
  resolved "https://registry.npm.taobao.org/hapi/download/hapi-16.7.0.tgz#3bb39517971df81e8198ec04751455e8b6cb0871"
  integrity sha1-O7OVF5cd+B6BmOwEdRRV6LbLCHE=
  dependencies:
    accept "2.x.x"
    ammo "2.x.x"
    boom "5.x.x"
    call "4.x.x"
    catbox "7.x.x"
    catbox-memory "2.x.x"
    cryptiles "3.x.x"
    heavy "4.x.x"
    hoek "4.x.x"
    iron "4.x.x"
    items "2.x.x"
    joi "11.x.x"
    mimos "3.x.x"
    podium "1.x.x"
    shot "3.x.x"
    somever "1.x.x"
    statehood "5.x.x"
    subtext "5.x.x"
    topo "2.x.x"

heavy@4.x.x:
  version "4.0.4"
  resolved "https://registry.npm.taobao.org/heavy/download/heavy-4.0.4.tgz#36c91336c00ccfe852caa4d153086335cd2f00e9"
  integrity sha1-NskTNsAMz+hSyqTRUwhjNc0vAOk=
  dependencies:
    boom "5.x.x"
    hoek "4.x.x"
    joi "10.x.x"

hoek@4.x.x, hoek@^4.2.0:
  version "4.2.1"
  resolved "https://registry.npm.taobao.org/hoek/download/hoek-4.2.1.tgz?cache=0&other_urls=https%3A%2F%2Fregistry.npm.taobao.org%2Fhoek%2Fdownload%2Fhoek-4.2.1.tgz#9634502aa12c445dd5a7c5734b572bb8738aacbb"
  integrity sha1-ljRQKqEsRF3Vp8VzS1cruHOKrLs=

hoek@5.x.x:
  version "5.0.4"
  resolved "https://registry.npm.taobao.org/hoek/download/hoek-5.0.4.tgz?cache=0&other_urls=https%3A%2F%2Fregistry.npm.taobao.org%2Fhoek%2Fdownload%2Fhoek-5.0.4.tgz#0f7fa270a1cafeb364a4b2ddfaa33f864e4157da"
  integrity sha1-D3+icKHK/rNkpLLd+qM/hk5BV9o=

hoek@6.x.x:
  version "6.1.3"
  resolved "https://registry.npm.taobao.org/hoek/download/hoek-6.1.3.tgz?cache=0&other_urls=https%3A%2F%2Fregistry.npm.taobao.org%2Fhoek%2Fdownload%2Fhoek-6.1.3.tgz#73b7d33952e01fe27a38b0457294b79dd8da242c"
  integrity sha1-c7fTOVLgH+J6OLBFcpS3ndjaJCw=

http-status@^1.0.1:
  version "1.3.2"
  resolved "https://registry.npm.taobao.org/http-status/download/http-status-1.3.2.tgz#a4fb27db5e32948fecd2fb110b9b3afef4a07bf7"
  integrity sha1-pPsn214ylI/s0vsRC5s6/vSge/c=

inert@4:
  version "4.2.1"
  resolved "https://registry.npm.taobao.org/inert/download/inert-4.2.1.tgz#da743c478a18a8378032f80ada128a28cd2bba93"
  integrity sha1-2nQ8R4oYqDeAMvgK2hKKKM0rupM=
  dependencies:
    ammo "2.x.x"
    boom "5.x.x"
    hoek "4.x.x"
    items "2.x.x"
    joi "10.x.x"
    lru-cache "4.1.x"

iron@4.x.x:
  version "4.0.5"
  resolved "https://registry.npm.taobao.org/iron/download/iron-4.0.5.tgz#4f042cceb8b9738f346b59aa734c83a89bc31428"
  integrity sha1-TwQszri5c480a1mqc0yDqJvDFCg=
  dependencies:
    boom "5.x.x"
    cryptiles "3.x.x"
    hoek "4.x.x"

isemail@2.x.x:
  version "2.2.1"
  resolved "https://registry.npm.taobao.org/isemail/download/isemail-2.2.1.tgz#0353d3d9a62951080c262c2aa0a42b8ea8e9e2a6"
  integrity sha1-A1PT2aYpUQgMJiwqoKQrjqjp4qY=

isemail@3.x.x:
  version "3.2.0"
  resolved "https://registry.npm.taobao.org/isemail/download/isemail-3.2.0.tgz#59310a021931a9fb06bbb51e155ce0b3f236832c"
  integrity sha1-WTEKAhkxqfsGu7UeFVzgs/I2gyw=
  dependencies:
    punycode "2.x.x"

items@2.x.x:
  version "2.1.2"
  resolved "https://registry.npm.taobao.org/items/download/items-2.1.2.tgz#0849354595805d586dac98e7e6e85556ea838558"
  integrity sha1-CEk1RZWAXVhtrJjn5uhVVuqDhVg=

joi@10.x.x:
  version "10.6.0"
  resolved "https://registry.npm.taobao.org/joi/download/joi-10.6.0.tgz#52587f02d52b8b75cdb0c74f0b164a191a0e1fc2"
  integrity sha1-Ulh/AtUri3XNsMdPCxZKGRoOH8I=
  dependencies:
    hoek "4.x.x"
    isemail "2.x.x"
    items "2.x.x"
    topo "2.x.x"

joi@11.x.x, joi@^11.0.2:
  version "11.4.0"
  resolved "https://registry.npm.taobao.org/joi/download/joi-11.4.0.tgz#f674897537b625e9ac3d0b7e1604c828ad913ccb"
  integrity sha1-9nSJdTe2JemsPQt+FgTIKK2RPMs=
  dependencies:
    hoek "4.x.x"
    isemail "3.x.x"
    topo "2.x.x"

joi@12.x.x:
  version "12.0.0"
  resolved "https://registry.npm.taobao.org/joi/download/joi-12.0.0.tgz#46f55e68f4d9628f01bbb695902c8b307ad8d33a"
  integrity sha1-RvVeaPTZYo8Bu7aVkCyLMHrY0zo=
  dependencies:
    hoek "4.x.x"
    isemail "3.x.x"
    topo "2.x.x"

joi@13:
  version "13.7.0"
  resolved "https://registry.npm.taobao.org/joi/download/joi-13.7.0.tgz#cfd85ebfe67e8a1900432400b4d03bbd93fb879f"
  integrity sha1-z9hev+Z+ihkAQyQAtNA7vZP7h58=
  dependencies:
    hoek "5.x.x"
    isemail "3.x.x"
    topo "3.x.x"

js-yaml@^3.10.0, js-yaml@^3.4.6:
  version "3.13.1"
  resolved "https://registry.npm.taobao.org/js-yaml/download/js-yaml-3.13.1.tgz#aff151b30bfdfa8e49e05da22e7415e9dfa37847"
  integrity sha1-r/FRswv9+o5J4F2iLnQV6d+jeEc=
  dependencies:
    argparse "^1.0.7"
    esprima "^4.0.0"

json-schema-ref-parser@^1.4.1:
  version "1.4.1"
  resolved "https://registry.npm.taobao.org/json-schema-ref-parser/download/json-schema-ref-parser-1.4.1.tgz#c0c2e438bf0796723b02451bae8bc7dd0b37fed0"
  integrity sha1-wMLkOL8HlnI7AkUbrovH3Qs3/tA=
  dependencies:
    call-me-maybe "^1.0.1"
    debug "^2.2.0"
    es6-promise "^3.0.2"
    js-yaml "^3.4.6"
    ono "^2.0.1"

json-schema-ref-parser@^4.0.0:
  version "4.1.1"
  resolved "https://registry.npm.taobao.org/json-schema-ref-parser/download/json-schema-ref-parser-4.1.1.tgz#f7900efc15f693432d4ac6519dc1ee09c01aa40b"
  integrity sha1-95AO/BX2k0MtSsZRncHuCcAapAs=
  dependencies:
    call-me-maybe "^1.0.1"
    debug "^3.1.0"
    js-yaml "^3.10.0"
    ono "^4.0.3"

lodash.get@^4.0.0:
  version "4.4.2"
  resolved "https://registry.npm.taobao.org/lodash.get/download/lodash.get-4.4.2.tgz#2d177f652fa31e939b4438d5341499dfa3825e99"
  integrity sha1-LRd/ZS+jHpObRDjVNBSZ36OCXpk=

lodash.isequal@^4.0.0:
  version "4.5.0"
  resolved "https://registry.npm.taobao.org/lodash.isequal/download/lodash.isequal-4.5.0.tgz#415c4478f2bcc30120c22ce10ed3226f7d3e18e0"
  integrity sha1-QVxEePK8wwEgwizhDtMib30+GOA=

lru-cache@4.1.x:
  version "4.1.5"
  resolved "https://registry.npm.taobao.org/lru-cache/download/lru-cache-4.1.5.tgz#8bbe50ea85bed59bc9e33dcab8235ee9bcf443cd"
  integrity sha1-i75Q6oW+1ZvJ4z3KuCNe6bz0Q80=
  dependencies:
    pseudomap "^1.0.2"
    yallist "^2.1.2"

mime-db@1.x.x:
  version "1.40.0"
  resolved "https://registry.npm.taobao.org/mime-db/download/mime-db-1.40.0.tgz#a65057e998db090f732a68f6c276d387d4126c32"
  integrity sha1-plBX6ZjbCQ9zKmj2wnbTh9QSbDI=

mimos@3.x.x:
  version "3.0.3"
  resolved "https://registry.npm.taobao.org/mimos/download/mimos-3.0.3.tgz#b9109072ad378c2b72f6a0101c43ddfb2b36641f"
  integrity sha1-uRCQcq03jCty9qAQHEPd+ys2ZB8=
  dependencies:
    hoek "4.x.x"
    mime-db "1.x.x"

minimist@~0.0.1:
  version "0.0.10"
  resolved "https://registry.yarnpkg.com/minimist/-/minimist-0.0.10.tgz#de3f98543dbf96082be48ad1a0c7cda836301dcf"
  integrity sha1-3j+YVD2/lggr5IrRoMfNqDYwHc8=

ms@2.0.0:
  version "2.0.0"
  resolved "https://registry.npm.taobao.org/ms/download/ms-2.0.0.tgz?cache=0&other_urls=https%3A%2F%2Fregistry.npm.taobao.org%2Fms%2Fdownload%2Fms-2.0.0.tgz#5608aeadfc00be6c2901df5f9861788de0d597c8"
  integrity sha1-VgiurfwAvmwpAd9fmGF4jeDVl8g=

ms@^2.1.1:
  version "2.1.2"
  resolved "https://registry.npm.taobao.org/ms/download/ms-2.1.2.tgz?cache=0&other_urls=https%3A%2F%2Fregistry.npm.taobao.org%2Fms%2Fdownload%2Fms-2.1.2.tgz#d09d1f357b443f493382a8eb3ccd183872ae6009"
  integrity sha1-0J0fNXtEP0kzgqjrPM0YOHKuYAk=

neo-async@^2.6.0:
  version "2.6.1"
  resolved "https://registry.yarnpkg.com/neo-async/-/neo-async-2.6.1.tgz#ac27ada66167fa8849a6addd837f6b189ad2081c"
  integrity sha512-iyam8fBuCUpWeKPGpaNMetEocMt364qkCsfL9JuhjXX6dRnguRVOfk2GZaDpPjcOKiiXCPINZC1GczQ7iTq3Zw==

nigel@2.x.x:
  version "2.0.2"
  resolved "https://registry.npm.taobao.org/nigel/download/nigel-2.0.2.tgz#93a1866fb0c52d87390aa75e2b161f4b5c75e5b1"
  integrity sha1-k6GGb7DFLYc5CqdeKxYfS1x15bE=
  dependencies:
    hoek "4.x.x"
    vise "2.x.x"

ono@^2.0.1:
  version "2.2.5"
  resolved "https://registry.npm.taobao.org/ono/download/ono-2.2.5.tgz#daf09488b51174da7a7e4275dfab31b438ffa0e3"
  integrity sha1-2vCUiLURdNp6fkJ136sxtDj/oOM=

ono@^4.0.2, ono@^4.0.3:
  version "4.0.11"
  resolved "https://registry.npm.taobao.org/ono/download/ono-4.0.11.tgz#c7f4209b3e396e8a44ef43b9cedc7f5d791d221d"
  integrity sha1-x/Qgmz45bopE70O5ztx/XXkdIh0=
  dependencies:
    format-util "^1.0.3"

optimist@^0.6.1:
  version "0.6.1"
  resolved "https://registry.yarnpkg.com/optimist/-/optimist-0.6.1.tgz#da3ea74686fa21a19a111c326e90eb15a0196686"
  integrity sha1-2j6nRob6IaGaERwybpDrFaAZZoY=
  dependencies:
    minimist "~0.0.1"
    wordwrap "~0.0.2"

package@^1.0.1:
  version "1.0.1"
  resolved "https://registry.npm.taobao.org/package/download/package-1.0.1.tgz#d25a1f99e2506dcb27d6704b83dca8a312e4edcc"
  integrity sha1-0lofmeJQbcsn1nBLg9yooxLk7cw=

pez@2.x.x:
  version "2.1.5"
  resolved "https://registry.npm.taobao.org/pez/download/pez-2.1.5.tgz#5ec2cc62500cc3eb4236d4a414cf5a17b5eb5007"
  integrity sha1-XsLMYlAMw+tCNtSkFM9aF7XrUAc=
  dependencies:
    b64 "3.x.x"
    boom "5.x.x"
    content "3.x.x"
    hoek "4.x.x"
    nigel "2.x.x"

podium@1.x.x:
  version "1.3.0"
  resolved "https://registry.npm.taobao.org/podium/download/podium-1.3.0.tgz#3c490f54d16f10f5260cbe98641f1cb733a8851c"
  integrity sha1-PEkPVNFvEPUmDL6YZB8ctzOohRw=
  dependencies:
    hoek "4.x.x"
    items "2.x.x"
    joi "10.x.x"

pseudomap@^1.0.2:
  version "1.0.2"
  resolved "https://registry.npm.taobao.org/pseudomap/download/pseudomap-1.0.2.tgz#f052a28da70e618917ef0a8ac34c1ae5a68286b3"
  integrity sha1-8FKijacOYYkX7wqKw0wa5aaChrM=

punycode@2.x.x:
  version "2.1.1"
  resolved "https://registry.npm.taobao.org/punycode/download/punycode-2.1.1.tgz#b58b010ac40c22c5657616c8d2c2c02c7bf479ec"
  integrity sha1-tYsBCsQMIsVldhbI0sLALHv0eew=

shot@3.x.x:
  version "3.4.2"
  resolved "https://registry.npm.taobao.org/shot/download/shot-3.4.2.tgz#1e5c3f6f2b26649adc42f7eb350214a5a0291d67"
  integrity sha1-Hlw/bysmZJrcQvfrNQIUpaApHWc=
  dependencies:
    hoek "4.x.x"
    joi "10.x.x"

somever@1.x.x:
  version "1.0.1"
  resolved "https://registry.npm.taobao.org/somever/download/somever-1.0.1.tgz#28a5c7de0d55f781af52fbce9960db1b84ce206e"
  integrity sha1-KKXH3g1V94GvUvvOmWDbG4TOIG4=
  dependencies:
    hoek "4.x.x"

source-map@^0.6.1, source-map@~0.6.1:
  version "0.6.1"
  resolved "https://registry.yarnpkg.com/source-map/-/source-map-0.6.1.tgz#74722af32e9614e9c287a8d0bbde48b5e2f1a263"
  integrity sha512-UjgapumWlbMhkBgzT7Ykc5YXUT46F0iKu8SGXq0bcwP5dz/h0Plj6enJqjz1Zbq2l5WaqYnrVbwWOWMyF3F47g==

sprintf-js@~1.0.2:
  version "1.0.3"
  resolved "https://registry.npm.taobao.org/sprintf-js/download/sprintf-js-1.0.3.tgz?cache=0&other_urls=https%3A%2F%2Fregistry.npm.taobao.org%2Fsprintf-js%2Fdownload%2Fsprintf-js-1.0.3.tgz#04e6926f662895354f3dd015203633b857297e2c"
  integrity sha1-BOaSb2YolTVPPdAVIDYzuFcpfiw=

statehood@5.x.x:
  version "5.0.4"
  resolved "https://registry.npm.taobao.org/statehood/download/statehood-5.0.4.tgz#bb5c343c357e3b6a18260c36cde4a282563ca558"
  integrity sha1-u1w0PDV+O2oYJgw2zeSiglY8pVg=
  dependencies:
    boom "5.x.x"
    bourne "1.x.x"
    cryptiles "3.x.x"
    hoek "4.x.x"
    iron "4.x.x"
    items "2.x.x"
    joi "12.x.x"

subtext@5.x.x:
  version "5.0.1"
  resolved "https://registry.npm.taobao.org/subtext/download/subtext-5.0.1.tgz#3ba39c93260e2e2ee1eddcde371be9d5fbe88861"
  integrity sha1-O6OckyYOLi7h7dzeNxvp1fvoiGE=
  dependencies:
    boom "5.x.x"
    bourne "1.x.x"
    content "3.x.x"
    hoek "4.x.x"
    pez "2.x.x"
    wreck "12.x.x"

swagger-methods@^1.0.0:
  version "1.0.8"
  resolved "https://registry.npm.taobao.org/swagger-methods/download/swagger-methods-1.0.8.tgz#8baf37ee861d3c72ff7b2faad6d74c60b336e2ed"
  integrity sha1-i6837oYdPHL/ey+q1tdMYLM24u0=

swagger-parser@^3.4.2:
  version "3.4.2"
  resolved "https://registry.npm.taobao.org/swagger-parser/download/swagger-parser-3.4.2.tgz#244d67d6eeed08c00acb5d95950d5aefbd6185a3"
  integrity sha1-JE1n1u7tCMAKy12VlQ1a771hhaM=
  dependencies:
    call-me-maybe "^1.0.1"
    debug "^3.0.0"
    es6-promise "^4.1.1"
    json-schema-ref-parser "^1.4.1"
    ono "^4.0.2"
    swagger-methods "^1.0.0"
    swagger-schema-official "2.0.0-bab6bed"
    z-schema "^3.16.1"

swagger-schema-official@2.0.0-bab6bed:
  version "2.0.0-bab6bed"
  resolved "https://registry.npm.taobao.org/swagger-schema-official/download/swagger-schema-official-2.0.0-bab6bed.tgz#70070468d6d2977ca5237b2e519ca7d06a2ea3fd"
  integrity sha1-cAcEaNbSl3ylI3suUZyn0Gouo/0=

topo@2.x.x:
  version "2.0.2"
  resolved "https://registry.npm.taobao.org/topo/download/topo-2.0.2.tgz#cd5615752539057c0dc0491a621c3bc6fbe1d182"
  integrity sha1-zVYVdSU5BXwNwEkaYhw7xvvh0YI=
  dependencies:
    hoek "4.x.x"

topo@3.x.x:
  version "3.0.3"
  resolved "https://registry.npm.taobao.org/topo/download/topo-3.0.3.tgz#d5a67fb2e69307ebeeb08402ec2a2a6f5f7ad95c"
  integrity sha1-1aZ/suaTB+vusIQC7Coqb1962Vw=
  dependencies:
    hoek "6.x.x"

uglify-js@^3.1.4:
  version "3.7.4"
  resolved "https://registry.yarnpkg.com/uglify-js/-/uglify-js-3.7.4.tgz#e6d83a1aa32ff448bd1679359ab13d8db0fe0743"
  integrity sha512-tinYWE8X1QfCHxS1lBS8yiDekyhSXOO6R66yNOCdUJeojxxw+PX2BHAz/BWyW7PQ7pkiWVxJfIEbiDxyLWvUGg==
  dependencies:
    commander "~2.20.3"
    source-map "~0.6.1"

validator@^10.0.0:
  version "10.11.0"
  resolved "https://registry.npm.taobao.org/validator/download/validator-10.11.0.tgz#003108ea6e9a9874d31ccc9e5006856ccd76b228"
  integrity sha1-ADEI6m6amHTTHMyeUAaFbM12sig=

vise@2.x.x:
  version "2.0.2"
  resolved "https://registry.npm.taobao.org/vise/download/vise-2.0.2.tgz#6b08e8fb4cb76e3a50cd6dd0ec37338e811a0d39"
  integrity sha1-awjo+0y3bjpQzW3Q7DczjoEaDTk=
  dependencies:
    hoek "4.x.x"

vision@4:
  version "4.1.1"
  resolved "https://registry.npm.taobao.org/vision/download/vision-4.1.1.tgz#e1b612b2d2e2f20310a039290fd49d51248f82da"
  integrity sha1-4bYSstLi8gMQoDkpD9SdUSSPgto=
  dependencies:
    boom "4.x.x"
    hoek "4.x.x"
    items "2.x.x"
    joi "10.x.x"

wordwrap@~0.0.2:
  version "0.0.3"
  resolved "https://registry.yarnpkg.com/wordwrap/-/wordwrap-0.0.3.tgz#a3d5da6cd5c0bc0008d37234bbaf1bed63059107"
  integrity sha1-o9XabNXAvAAI03I0u68b7WMFkQc=

wreck@12.x.x:
  version "12.5.1"
  resolved "https://registry.npm.taobao.org/wreck/download/wreck-12.5.1.tgz#cd2ffce167449e1f0242ed9cf80552e20fb6902a"
  integrity sha1-zS/84WdEnh8CQu2c+AVS4g+2kCo=
  dependencies:
    boom "5.x.x"
    hoek "4.x.x"

yallist@^2.1.2:
  version "2.1.2"
  resolved "https://registry.npm.taobao.org/yallist/download/yallist-2.1.2.tgz#1c11f9218f076089a47dd512f93c6699a6a81d52"
  integrity sha1-HBH5IY8HYImkfdUS+TxmmaaoHVI=

z-schema@^3.16.1:
  version "3.25.1"
  resolved "https://registry.npm.taobao.org/z-schema/download/z-schema-3.25.1.tgz?cache=0&other_urls=https%3A%2F%2Fregistry.npm.taobao.org%2Fz-schema%2Fdownload%2Fz-schema-3.25.1.tgz#7e14663be2b96003d938a56f644fb8561643fb7e"
  integrity sha1-fhRmO+K5YAPZOKVvZE+4VhZD+34=
  dependencies:
    core-js "^2.5.7"
    lodash.get "^4.0.0"
    lodash.isequal "^4.0.0"
    validator "^10.0.0"
  optionalDependencies:
    commander "^2.7.1"
