{
  "name": "h_function",
  "version": "1.0.0",
  "lockfileVersion": 2,
  "requires": true,
  "packages": {
    "": {
      "name": "h_function",
      "version": "1.0.0",
      "license": "ISC",
      "dependencies": {
        "snabbdom": "^3.3.1"
      }
    },
    "node_modules/snabbdom": {
      "version": "3.3.1",
      "resolved": "https://registry.npmmirror.com/snabbdom/-/snabbdom-3.3.1.tgz",
      "integrity": "sha512-FR9u20dCkktPd+qbedqwYNjMXzYhizhqlKTQzYZimLNeCJY0/5qgs0DtLVSmzIEL1bN3Dyb9sQpiHGCxUjyLnQ==",
      "engines": {
        "node": ">=8.3.0"
      }
    }
  },
  "dependencies": {
    "snabbdom": {
      "version": "3.3.1",
      "resolved": "https://registry.npmmirror.com/snabbdom/-/snabbdom-3.3.1.tgz",
      "integrity": "sha512-FR9u20dCkktPd+qbedqwYNjMXzYhizhqlKTQzYZimLNeCJY0/5qgs0DtLVSmzIEL1bN3Dyb9sQpiHGCxUjyLnQ=="
    }
  }
}
