{
  "name": "dijkstra",
  "version": "0.1.0",
  "lockfileVersion": 1,
  "requires": true,
  "dependencies": {
    "dijkstrajs": {
      "version": "1.0.1",
      "resolved": "https://registry.npm.taobao.org/dijkstrajs/download/dijkstrajs-1.0.1.tgz",
      "integrity": "sha1-082BIh4+pAdCz83lVtTpnpjdxxs="
    }
  }
}
