# THIS IS AN AUTOGENERATED FILE. DO NOT EDIT THIS FILE DIRECTLY.
# yarn lockfile v1


colors.css@^3.0.0:
  version "3.0.0"
  resolved "https://registry.npm.taobao.org/colors.css/download/colors.css-3.0.0.tgz#511cf42fb8a7199a8cbef49c88a4ea4f1d8f9efc"

normalize.css@^8.0.1:
  version "8.0.1"
  resolved "https://registry.npm.taobao.org/normalize.css/download/normalize.css-8.0.1.tgz#9b98a208738b9cc2634caacbc42d131c97487bf3"
