# THIS IS AN AUTOGENERATED FILE. DO NOT EDIT THIS FILE DIRECTLY.
# yarn lockfile v1


"@types/node@^13.5.1":
  version "13.9.2"
  resolved "https://registry.yarnpkg.com/@types/node/-/node-13.9.2.tgz#ace1880c03594cc3e80206d96847157d8e7fa349"

cluster-key-slot@^1.1.0:
  version "1.1.0"
  resolved "https://registry.yarnpkg.com/cluster-key-slot/-/cluster-key-slot-1.1.0.tgz#30474b2a981fb12172695833052bc0d01336d10d"

debug@^4.1.1:
  version "4.1.1"
  resolved "https://registry.yarnpkg.com/debug/-/debug-4.1.1.tgz#3b72260255109c6b589cee050f1d516139664791"
  dependencies:
    ms "^2.1.1"

denque@^1.1.0:
  version "1.4.1"
  resolved "https://registry.yarnpkg.com/denque/-/denque-1.4.1.tgz#6744ff7641c148c3f8a69c307e51235c1f4a37cf"

getmac@^5.1.0:
  version "5.1.0"
  resolved "https://registry.yarnpkg.com/getmac/-/getmac-5.1.0.tgz#0d5f872e1caffa25d5ec59baeaf42abc400d915c"
  dependencies:
    "@types/node" "^13.5.1"

ioredis@^4.16.0:
  version "4.16.0"
  resolved "https://registry.yarnpkg.com/ioredis/-/ioredis-4.16.0.tgz#44d51288e20da14e5b6f687b2db0312e69106556"
  dependencies:
    cluster-key-slot "^1.1.0"
    debug "^4.1.1"
    denque "^1.1.0"
    lodash.defaults "^4.2.0"
    lodash.flatten "^4.4.0"
    redis-commands "1.5.0"
    redis-errors "^1.2.0"
    redis-parser "^3.0.0"
    standard-as-callback "^2.0.1"

lodash.defaults@^4.2.0:
  version "4.2.0"
  resolved "https://registry.yarnpkg.com/lodash.defaults/-/lodash.defaults-4.2.0.tgz#d09178716ffea4dde9e5fb7b37f6f0802274580c"

lodash.flatten@^4.4.0:
  version "4.4.0"
  resolved "https://registry.yarnpkg.com/lodash.flatten/-/lodash.flatten-4.4.0.tgz#f31c22225a9632d2bbf8e4addbef240aa765a61f"

ms@^2.1.1:
  version "2.1.2"
  resolved "https://registry.yarnpkg.com/ms/-/ms-2.1.2.tgz#d09d1f357b443f493382a8eb3ccd183872ae6009"

redis-commands@1.5.0:
  version "1.5.0"
  resolved "https://registry.yarnpkg.com/redis-commands/-/redis-commands-1.5.0.tgz#80d2e20698fe688f227127ff9e5164a7dd17e785"

redis-errors@^1.0.0, redis-errors@^1.2.0:
  version "1.2.0"
  resolved "https://registry.yarnpkg.com/redis-errors/-/redis-errors-1.2.0.tgz#eb62d2adb15e4eaf4610c04afe1529384250abad"

redis-parser@^3.0.0:
  version "3.0.0"
  resolved "https://registry.yarnpkg.com/redis-parser/-/redis-parser-3.0.0.tgz#b66d828cdcafe6b4b8a428a7def4c6bcac31c8b4"
  dependencies:
    redis-errors "^1.0.0"

standard-as-callback@^2.0.1:
  version "2.0.1"
  resolved "https://registry.yarnpkg.com/standard-as-callback/-/standard-as-callback-2.0.1.tgz#ed8bb25648e15831759b6023bdb87e6b60b38126"
