# THIS IS AN AUTOGENERATED FILE. DO NOT EDIT THIS FILE DIRECTLY.
# yarn lockfile v1


lodash@^4.17.21:
  version "4.17.21"
  resolved "https://registry.nlark.com/lodash/download/lodash-4.17.21.tgz#679591c564c3bffaae8454cf0b3df370c3d6911c"
  integrity sha1-Z5WRxWTDv/quhFTPCz3zcMPWkRw=

snabbdom@^3.0.1:
  version "3.0.1"
  resolved "https://registry.npm.taobao.org/snabbdom/download/snabbdom-3.0.1.tgz#9355339e7c970be7fcd54128ccde9ee57301f222"
  integrity sha1-k1UznnyXC+f81UEozN6e5XMB8iI=
