# THIS IS AN AUTOGENERATED FILE. DO NOT EDIT THIS FILE DIRECTLY.
# yarn lockfile v1


axios@^0.21.0:
  version "0.21.0"
  resolved "https://registry.npm.taobao.org/axios/download/axios-0.21.0.tgz?cache=0&sync_timestamp=1603468783865&other_urls=https%3A%2F%2Fregistry.npm.taobao.org%2Faxios%2Fdownload%2Faxios-0.21.0.tgz#26df088803a2350dff2c27f96fef99fe49442aca"
  integrity sha1-Jt8IiAOiNQ3/LCf5b++Z/klEKso=
  dependencies:
    follow-redirects "^1.10.0"

follow-redirects@^1.10.0:
  version "1.13.1"
  resolved "https://registry.npm.taobao.org/follow-redirects/download/follow-redirects-1.13.1.tgz?cache=0&sync_timestamp=1607916833378&other_urls=https%3A%2F%2Fregistry.npm.taobao.org%2Ffollow-redirects%2Fdownload%2Ffollow-redirects-1.13.1.tgz#5f69b813376cee4fd0474a3aba835df04ab763b7"
  integrity sha1-X2m4Ezds7k/QR0o6uoNd8Eq3Y7c=

nodemailer@^6.4.17:
  version "6.4.17"
  resolved "https://registry.npm.taobao.org/nodemailer/download/nodemailer-6.4.17.tgz#8de98618028953b80680775770f937243a7d7877"
  integrity sha1-jemGGAKJU7gGgHdXcPk3JDp9eHc=
