{
  "name": "unit-test",
  "version": "1.0.0",
  "lockfileVersion": 1,
  "requires": true,
  "dependencies": {
    "isexe": {
      "version": "2.0.0",
      "resolved": "https://registry.npmjs.org/isexe/-/isexe-2.0.0.tgz",
      "integrity": "sha1-6PvzdNxVb/iUehDcsFctYz8s+hA=",
      "dev": true
    },
    "karma": {
      "version": "4.3.0",
      "resolved": "https://registry.npm.taobao.org/karma/download/karma-4.3.0.tgz?cache=0&other_urls=https%3A%2F%2Fregistry.npm.taobao.org%2Fkarma%2Fdownload%2Fkarma-4.3.0.tgz",
      "dev": true,
      "dependencies": {
        "bluebird": {
          "version": "https://registry.npm.taobao.org/bluebird/download/bluebird-3.7.0.tgz?cache=0&sync_timestamp=1569957137990&other_urls=https%3A%2F%2Fregistry.npm.taobao.org%2Fbluebird%2Fdownload%2Fbluebird-3.7.0.tgz"
        },
        "body-parser": {
          "version": "https://registry.npm.taobao.org/body-parser/download/body-parser-1.19.0.tgz",
          "dependencies": {
            "bytes": {
              "version": "https://registry.npm.taobao.org/bytes/download/bytes-3.1.0.tgz",
              "bundled": true
            },
            "content-type": {
              "version": "https://registry.npm.taobao.org/content-type/download/content-type-1.0.4.tgz",
              "bundled": true
            },
            "debug": {
              "version": "https://registry.npm.taobao.org/debug/download/debug-2.6.9.tgz",
              "bundled": true
            },
            "depd": {
              "version": "https://registry.npm.taobao.org/depd/download/depd-1.1.2.tgz",
              "bundled": true
            },
            "http-errors": {
              "version": "https://registry.npm.taobao.org/http-errors/download/http-errors-1.7.2.tgz",
              "bundled": true
            },
            "iconv-lite": {
              "version": "https://registry.npm.taobao.org/iconv-lite/download/iconv-lite-0.4.24.tgz",
              "bundled": true,
              "dependencies": {
                "safer-buffer": {
                  "version": "https://registry.npm.taobao.org/safer-buffer/download/safer-buffer-2.1.2.tgz?cache=0&other_urls=https%3A%2F%2Fregistry.npm.taobao.org%2Fsafer-buffer%2Fdownload%2Fsafer-buffer-2.1.2.tgz"
                }
              }
            },
            "on-finished": {
              "version": "https://registry.npm.taobao.org/on-finished/download/on-finished-2.3.0.tgz",
              "bundled": true,
              "dependencies": {
                "ee-first": {
                  "version": "https://registry.npm.taobao.org/ee-first/download/ee-first-1.1.1.tgz",
                  "bundled": true
                }
              }
            },
            "qs": {
              "version": "https://registry.npm.taobao.org/qs/download/qs-6.7.0.tgz?cache=0&sync_timestamp=1569207136481&other_urls=https%3A%2F%2Fregistry.npm.taobao.org%2Fqs%2Fdownload%2Fqs-6.7.0.tgz",
              "bundled": true
            },
            "raw-body": {
              "version": "https://registry.npm.taobao.org/raw-body/download/raw-body-2.4.0.tgz",
              "bundled": true
            },
            "type-is": {
              "version": "https://registry.npm.taobao.org/type-is/download/type-is-1.6.18.tgz",
              "bundled": true
            }
          }
        },
        "braces": {
          "version": "https://registry.npm.taobao.org/braces/download/braces-3.0.2.tgz"
        },
        "chokidar": {
          "version": "https://registry.npm.taobao.org/chokidar/download/chokidar-3.2.1.tgz",
          "dependencies": {
            "anymatch": {
              "version": "https://registry.npm.taobao.org/anymatch/download/anymatch-3.1.1.tgz"
            },
            "braces": {
              "version": "https://registry.npm.taobao.org/braces/download/braces-3.0.2.tgz",
              "dependencies": {
                "fill-range": {
                  "version": "https://registry.npm.taobao.org/fill-range/download/fill-range-7.0.1.tgz"
                }
              }
            },
            "fsevents": {
              "version": "https://registry.npm.taobao.org/fsevents/download/fsevents-2.1.0.tgz"
            },
            "glob-parent": {
              "version": "https://registry.npm.taobao.org/glob-parent/download/glob-parent-5.1.0.tgz?cache=0&sync_timestamp=1569108917227&other_urls=https%3A%2F%2Fregistry.npm.taobao.org%2Fglob-parent%2Fdownload%2Fglob-parent-5.1.0.tgz"
            },
            "is-binary-path": {
              "version": "https://registry.npm.taobao.org/is-binary-path/download/is-binary-path-2.1.0.tgz"
            },
            "is-glob": {
              "version": "https://registry.npm.taobao.org/is-glob/download/is-glob-4.0.1.tgz",
              "dependencies": {
                "is-extglob": {
                  "version": "https://registry.npm.taobao.org/is-extglob/download/is-extglob-2.1.1.tgz"
                }
              }
            },
            "normalize-path": {
              "version": "https://registry.npm.taobao.org/normalize-path/download/normalize-path-3.0.0.tgz"
            },
            "readdirp": {
              "version": "https://registry.npm.taobao.org/readdirp/download/readdirp-3.1.3.tgz"
            }
          }
        },
        "colors": {
          "version": "https://registry.npm.taobao.org/colors/download/colors-1.4.0.tgz"
        },
        "connect": {
          "version": "https://registry.npm.taobao.org/connect/download/connect-3.7.0.tgz",
          "dependencies": {
            "debug": {
              "version": "https://registry.npm.taobao.org/debug/download/debug-2.6.9.tgz",
              "dependencies": {
                "ms": {
                  "version": "https://registry.npm.taobao.org/ms/download/ms-2.0.0.tgz"
                }
              }
            },
            "finalhandler": {
              "version": "https://registry.npm.taobao.org/finalhandler/download/finalhandler-1.1.2.tgz"
            },
            "parseurl": {
              "version": "https://registry.npm.taobao.org/parseurl/download/parseurl-1.3.3.tgz"
            },
            "utils-merge": {
              "version": "https://registry.npm.taobao.org/utils-merge/download/utils-merge-1.0.1.tgz"
            }
          }
        },
        "core-js": {
          "version": "https://registry.npm.taobao.org/core-js/download/core-js-3.2.1.tgz"
        },
        "di": {
          "version": "https://registry.npm.taobao.org/di/download/di-0.0.1.tgz"
        },
        "dom-serialize": {
          "version": "https://registry.npm.taobao.org/dom-serialize/download/dom-serialize-2.2.1.tgz"
        },
        "flatted": {
          "version": "https://registry.npm.taobao.org/flatted/download/flatted-2.0.1.tgz"
        },
        "glob": {
          "version": "https://registry.npm.taobao.org/glob/download/glob-7.1.4.tgz"
        },
        "graceful-fs": {
          "version": "https://registry.npm.taobao.org/graceful-fs/download/graceful-fs-4.2.2.tgz"
        },
        "http-proxy": {
          "version": "https://registry.npm.taobao.org/http-proxy/download/http-proxy-1.18.0.tgz"
        },
        "isbinaryfile": {
          "version": "https://registry.npm.taobao.org/isbinaryfile/download/isbinaryfile-3.0.3.tgz"
        },
        "lodash": {
          "version": "https://registry.npm.taobao.org/lodash/download/lodash-4.17.15.tgz?cache=0&other_urls=https%3A%2F%2Fregistry.npm.taobao.org%2Flodash%2Fdownload%2Flodash-4.17.15.tgz"
        },
        "log4js": {
          "version": "https://registry.npm.taobao.org/log4js/download/log4js-4.5.1.tgz"
        },
        "mime": {
          "version": "https://registry.npm.taobao.org/mime/download/mime-2.4.4.tgz?cache=0&sync_timestamp=1560034758817&other_urls=https%3A%2F%2Fregistry.npm.taobao.org%2Fmime%2Fdownload%2Fmime-2.4.4.tgz"
        },
        "minimatch": {
          "version": "https://registry.npm.taobao.org/minimatch/download/minimatch-3.0.4.tgz",
          "dependencies": {
            "brace-expansion": {
              "version": "https://registry.npm.taobao.org/brace-expansion/download/brace-expansion-1.1.11.tgz",
              "bundled": true
            }
          }
        },
        "optimist": {
          "version": "https://registry.npm.taobao.org/optimist/download/optimist-0.6.1.tgz"
        },
        "qjobs": {
          "version": "https://registry.npm.taobao.org/qjobs/download/qjobs-1.2.0.tgz"
        },
        "range-parser": {
          "version": "https://registry.npm.taobao.org/range-parser/download/range-parser-1.2.1.tgz"
        },
        "rimraf": {
          "version": "https://registry.npm.taobao.org/rimraf/download/rimraf-2.7.1.tgz",
          "dependencies": {
            "glob": {
              "version": "https://registry.npm.taobao.org/glob/download/glob-7.1.4.tgz",
              "bundled": true,
              "dependencies": {
                "fs.realpath": {
                  "version": "https://registry.npm.taobao.org/fs.realpath/download/fs.realpath-1.0.0.tgz",
                  "bundled": true
                },
                "inflight": {
                  "version": "https://registry.npm.taobao.org/inflight/download/inflight-1.0.6.tgz",
                  "bundled": true
                },
                "inherits": {
                  "version": "https://registry.npm.taobao.org/inherits/download/inherits-2.0.4.tgz",
                  "bundled": true
                },
                "minimatch": {
                  "version": "https://registry.npm.taobao.org/minimatch/download/minimatch-3.0.4.tgz",
                  "bundled": true
                },
                "once": {
                  "version": "https://registry.npm.taobao.org/once/download/once-1.4.0.tgz",
                  "bundled": true,
                  "dependencies": {
                    "wrappy": {
                      "version": "https://registry.npm.taobao.org/wrappy/download/wrappy-1.0.2.tgz",
                      "bundled": true
                    }
                  }
                },
                "path-is-absolute": {
                  "version": "https://registry.npm.taobao.org/path-is-absolute/download/path-is-absolute-1.0.1.tgz",
                  "bundled": true
                }
              }
            }
          }
        },
        "safe-buffer": {
          "version": "https://registry.npm.taobao.org/safe-buffer/download/safe-buffer-5.2.0.tgz"
        },
        "socket.io": {
          "version": "https://registry.npm.taobao.org/socket.io/download/socket.io-2.1.1.tgz?cache=0&other_urls=https%3A%2F%2Fregistry.npm.taobao.org%2Fsocket.io%2Fdownload%2Fsocket.io-2.1.1.tgz"
        },
        "source-map": {
          "version": "https://registry.npm.taobao.org/source-map/download/source-map-0.6.1.tgz"
        },
        "tmp": {
          "version": "https://registry.npm.taobao.org/tmp/download/tmp-0.0.33.tgz"
        },
        "useragent": {
          "version": "https://registry.npm.taobao.org/useragent/download/useragent-2.3.0.tgz"
        }
      }
    },
    "karma-chrome-launcher": {
      "version": "3.1.0",
      "resolved": "https://registry.npmjs.org/karma-chrome-launcher/-/karma-chrome-launcher-3.1.0.tgz",
      "integrity": "sha512-3dPs/n7vgz1rxxtynpzZTvb9y/GIaW8xjAwcIGttLbycqoFtI7yo1NGnQi6oFTherRE+GIhCAHZC4vEqWGhNvg==",
      "dev": true,
      "requires": {
        "which": "^1.2.1"
      }
    },
    "which": {
      "version": "1.3.1",
      "resolved": "https://registry.npmjs.org/which/-/which-1.3.1.tgz",
      "integrity": "sha512-HxJdYWq1MTIQbJ3nw0cqssHoTNU267KlrDuGZ1WYlxDStUtKUhOaJmh112/TZmHxxUfuJqPXSOm7tDyas0OSIQ==",
      "dev": true,
      "requires": {
        "isexe": "^2.0.0"
      }
    }
  }
}
