# THIS IS AN AUTOGENERATED FILE. DO NOT EDIT THIS FILE DIRECTLY.
# yarn lockfile v1


webp-converter@^2.2.3:
  version "2.2.3"
  resolved "https://registry.npm.taobao.org/webp-converter/download/webp-converter-2.2.3.tgz#ffee88b2f23b0b6d14ecb1ec34bd8b6e529171f1"
  integrity sha1-/+6IsvI7C20U7LHsNL2LblKRcfE=
