{
  "name": "app",
  "version": "1.0.0",
  "lockfileVersion": 1,
  "requires": true,
  "dependencies": {
    "electron-is-dev": {
      "version": "1.2.0",
      "resolved": "http://r.cnpmjs.org/electron-is-dev/download/electron-is-dev-1.2.0.tgz",
      "integrity": "sha1-LlzqChs8zxyG9XfO53Nj71XesF4="
    }
  }
}
