# THIS IS AN AUTOGENERATED FILE. DO NOT EDIT THIS FILE DIRECTLY.
# yarn lockfile v1


nodemailer@^6.3.1:
  version "6.3.1"
  resolved "https://registry.npm.taobao.org/nodemailer/download/nodemailer-6.3.1.tgz?cache=0&other_urls=https%3A%2F%2Fregistry.npm.taobao.org%2Fnodemailer%2Fdownload%2Fnodemailer-6.3.1.tgz#2784beebac6b9f014c424c54dbdcc5c4d1221346"
  integrity sha1-J4S+66xrnwFMQkxU29zFxNEiE0Y=
